
Microsoft Visual Studio Solution File, Format Version 12.00
# Visual Studio Version 17
VisualStudioVersion = 17.9.34714.143
MinimumVisualStudioVersion = 10.0.40219.1
Project("{FAE04EC0-301F-11D3-BF4B-00C04F79EFBC}") = "TagSelectControlWPF", "TagSelectControlWPF\TagSelectControlWPF.csproj", "{56CAB743-DE72-4496-A966-0C7C65CFF5E9}"
EndProject
Project("{FAE04EC0-301F-11D3-BF4B-00C04F79EFBC}") = "Wpf.Net6.Test", "Wpf.Net6.Test\Wpf.Net6.Test.csproj", "{CC2F6FCC-4551-47EA-8CAD-B6A4B79773ED}"
EndProject
Global
	GlobalSection(SolutionConfigurationPlatforms) = preSolution
		Debug|Any CPU = Debug|Any CPU
		Release|Any CPU = Release|Any CPU
	EndGlobalSection
	GlobalSection(ProjectConfigurationPlatforms) = postSolution
		{56CAB743-DE72-4496-A966-0C7C65CFF5E9}.Debug|Any CPU.ActiveCfg = Debug|Any CPU
		{56CAB743-DE72-4496-A966-0C7C65CFF5E9}.Debug|Any CPU.Build.0 = Debug|Any CPU
		{56CAB743-DE72-4496-A966-0C7C65CFF5E9}.Release|Any CPU.ActiveCfg = Release|Any CPU
		{56CAB743-DE72-4496-A966-0C7C65CFF5E9}.Release|Any CPU.Build.0 = Release|Any CPU
		{CC2F6FCC-4551-47EA-8CAD-B6A4B79773ED}.Debug|Any CPU.ActiveCfg = Debug|Any CPU
		{CC2F6FCC-4551-47EA-8CAD-B6A4B79773ED}.Debug|Any CPU.Build.0 = Debug|Any CPU
		{CC2F6FCC-4551-47EA-8CAD-B6A4B79773ED}.Release|Any CPU.ActiveCfg = Release|Any CPU
		{CC2F6FCC-4551-47EA-8CAD-B6A4B79773ED}.Release|Any CPU.Build.0 = Release|Any CPU
	EndGlobalSection
	GlobalSection(SolutionProperties) = preSolution
		HideSolutionNode = FALSE
	EndGlobalSection
	GlobalSection(ExtensibilityGlobals) = postSolution
		SolutionGuid = {33ECCE31-B6B8-41F6-AF12-24917DC18FD4}
	EndGlobalSection
EndGlobal
